
Microsoft Visual Studio Solution File, Format Version 12.00
Project("{FAE04EC0-301F-11D3-BF4B-00C04F79EFBC}") = "top10Trend", "top10Trend\top10Trend.csproj", "{EA92B46E-C2BB-4475-B46B-D392290467A0}"
EndProject
Global
	GlobalSection(SolutionConfigurationPlatforms) = preSolution
		Debug|Any CPU = Debug|Any CPU
		Release|Any CPU = Release|Any CPU
	EndGlobalSection
	GlobalSection(ProjectConfigurationPlatforms) = postSolution
		{EA92B46E-C2BB-4475-B46B-D392290467A0}.Debug|Any CPU.ActiveCfg = Debug|Any CPU
		{EA92B46E-C2BB-4475-B46B-D392290467A0}.Debug|Any CPU.Build.0 = Debug|Any CPU
		{EA92B46E-C2BB-4475-B46B-D392290467A0}.Release|Any CPU.ActiveCfg = Release|Any CPU
		{EA92B46E-C2BB-4475-B46B-D392290467A0}.Release|Any CPU.Build.0 = Release|Any CPU
	EndGlobalSection
EndGlobal
