<Solution>
  <Project Path="../VibyApp.API/VibyApp.API.csproj" Id="4d8f181f-b3b5-42af-9fb4-c36af66ef002" />
  <Project Path="../VibyApp.DB/VibyApp.DB.csproj" Id="201c771b-e291-4e70-b64f-810de0129fe0" />
  <Project Path="../VibyApp.ViewModels/VibyApp.ViewModels.csproj" Id="ea547eaa-f28d-4e7f-9405-828dea9fc3b8" />
  <Project Path="VibyApp.UI.csproj" />
</Solution>
